
Microsoft Visual Studio Solution File, Format Version 12.00
# Visual Studio 15
VisualStudioVersion = 15.0.26730.16
MinimumVisualStudioVersion = 10.0.40219.1
Project("{FAE04EC0-301F-11D3-BF4B-00C04F79EFBC}") = "SenseNet.OAuth.Google", "SenseNet.OAuth.Google\SenseNet.OAuth.Google.csproj", "{94BD999E-119F-45BD-A9C2-E542D7DBAE9A}"
EndProject
Project("{2150E333-8FDC-42A3-9474-1A3956D46DE8}") = "Solution items", "Solution items", "{08A234B1-F300-4780-8D7B-5696BDC12ECF}"
	ProjectSection(SolutionItems) = preProject
		nuget\snadmin\install-oauth-google\manifest.xml = nuget\snadmin\install-oauth-google\manifest.xml
	EndProjectSection
EndProject
Global
	GlobalSection(SolutionConfigurationPlatforms) = preSolution
		Debug|Any CPU = Debug|Any CPU
		Release|Any CPU = Release|Any CPU
	EndGlobalSection
	GlobalSection(ProjectConfigurationPlatforms) = postSolution
		{94BD999E-119F-45BD-A9C2-E542D7DBAE9A}.Debug|Any CPU.ActiveCfg = Debug|Any CPU
		{94BD999E-119F-45BD-A9C2-E542D7DBAE9A}.Debug|Any CPU.Build.0 = Debug|Any CPU
		{94BD999E-119F-45BD-A9C2-E542D7DBAE9A}.Release|Any CPU.ActiveCfg = Release|Any CPU
		{94BD999E-119F-45BD-A9C2-E542D7DBAE9A}.Release|Any CPU.Build.0 = Release|Any CPU
	EndGlobalSection
	GlobalSection(SolutionProperties) = preSolution
		HideSolutionNode = FALSE
	EndGlobalSection
	GlobalSection(ExtensibilityGlobals) = postSolution
		SolutionGuid = {82C440AD-47B6-45BF-8538-5BBA6DE4A84C}
	EndGlobalSection
EndGlobal
